
Microsoft Visual Studio Solution File, Format Version 12.00
# Visual Studio Version 17
VisualStudioVersion = 17.5.33414.496
MinimumVisualStudioVersion = 10.0.40219.1
Project("{FAE04EC0-301F-11D3-BF4B-00C04F79EFBC}") = "ExcelPracticalTask", "ExcelPracticalTask\ExcelPracticalTask.csproj", "{BCA9F5B0-9B73-4305-87C5-42A463A7A112}"
EndProject
Global
	GlobalSection(SolutionConfigurationPlatforms) = preSolution
		Debug|Any CPU = Debug|Any CPU
		Release|Any CPU = Release|Any CPU
	EndGlobalSection
	GlobalSection(ProjectConfigurationPlatforms) = postSolution
		{BCA9F5B0-9B73-4305-87C5-42A463A7A112}.Debug|Any CPU.ActiveCfg = Debug|Any CPU
		{BCA9F5B0-9B73-4305-87C5-42A463A7A112}.Debug|Any CPU.Build.0 = Debug|Any CPU
		{BCA9F5B0-9B73-4305-87C5-42A463A7A112}.Release|Any CPU.ActiveCfg = Release|Any CPU
		{BCA9F5B0-9B73-4305-87C5-42A463A7A112}.Release|Any CPU.Build.0 = Release|Any CPU
	EndGlobalSection
	GlobalSection(SolutionProperties) = preSolution
		HideSolutionNode = FALSE
	EndGlobalSection
	GlobalSection(ExtensibilityGlobals) = postSolution
		SolutionGuid = {AE519884-32B9-432F-8417-59BE6A3735A7}
	EndGlobalSection
EndGlobal
